# Generated by pub
# See https://dart.dev/tools/pub/glossary#lockfile
packages:
  _fe_analyzer_shared:
    dependency: transitive
    description:
      name: _fe_analyzer_shared
      sha256: d976d24314f193899a3079b14fe336215a63a3b1e1c3743eabba8f83e049e9a9
      url: "https://pub.dev"
    source: hosted
    version: "49.0.0"
  _flutterfire_internals:
    dependency: transitive
    description:
      name: _flutterfire_internals
      sha256: "3ff770dfff04a67b0863dff205a0936784de1b87a5e99b11c693fc10e66a9ce3"
      url: "https://pub.dev"
    source: hosted
    version: "1.0.12"
  about:
    dependency: "direct main"
    description:
      name: about
      sha256: c981182cbff7271885a4cbf2b7d681684c2287ebd2fb4931a1d7f725a2920594
      url: "https://pub.dev"
    source: hosted
    version: "2.1.1"
  analyzer:
    dependency: transitive
    description:
      name: analyzer
      sha256: "40ba2c6d2ab41a66476f8f1f099da6be0795c1b47221f5e2c5f8ad6048cdffae"
      url: "https://pub.dev"
    source: hosted
    version: "5.1.0"
  analyzer_plugin:
    dependency: transitive
    description:
      name: analyzer_plugin
      sha256: c1d5f167683de03d5ab6c3b53fc9aeefc5d59476e7810ba7bbddff50c6f4392d
      url: "https://pub.dev"
    source: hosted
    version: "0.11.2"
  ansicolor:
    dependency: transitive
    description:
      name: ansicolor
      sha256: "607f8fa9786f392043f169898923e6c59b4518242b68b8862eb8a8b7d9c30b4a"
      url: "https://pub.dev"
    source: hosted
    version: "2.0.1"
  archive:
    dependency: transitive
    description:
      name: archive
      sha256: "793964beb8e297995714326628881437d4211f10fc8843534bab54129cd896ee"
      url: "https://pub.dev"
    source: hosted
    version: "3.3.1"
  args:
    dependency: transitive
    description:
      name: args
      sha256: b003c3098049a51720352d219b0bb5f219b60fbfb68e7a4748139a06a5676515
      url: "https://pub.dev"
    source: hosted
    version: "2.3.1"
  async:
    dependency: transitive
    description:
      name: async
      sha256: bfe67ef28df125b7dddcea62755991f807aa39a2492a23e1550161692950bbe0
      url: "https://pub.dev"
    source: hosted
    version: "2.10.0"
  boolean_selector:
    dependency: transitive
    description:
      name: boolean_selector
      sha256: "6cfb5af12253eaf2b368f07bacc5a80d1301a071c73360d746b7f2e32d762c66"
      url: "https://pub.dev"
    source: hosted
    version: "2.1.1"
  build_config:
    dependency: transitive
    description:
      name: build_config
      sha256: "5b7355c14258f5e7df24bad1566f7b991de3e54aeacfb94e1a65e5233d9739c1"
      url: "https://pub.dev"
    source: hosted
    version: "1.1.0"
  cached_network_image:
    dependency: "direct main"
    description:
      name: cached_network_image
      sha256: fd3d0dc1d451f9a252b32d95d3f0c3c487bc41a75eba2e6097cb0b9c71491b15
      url: "https://pub.dev"
    source: hosted
    version: "3.2.3"
  cached_network_image_platform_interface:
    dependency: transitive
    description:
      name: cached_network_image_platform_interface
      sha256: bb2b8403b4ccdc60ef5f25c70dead1f3d32d24b9d6117cfc087f496b178594a7
      url: "https://pub.dev"
    source: hosted
    version: "2.0.0"
  cached_network_image_web:
    dependency: transitive
    description:
      name: cached_network_image_web
      sha256: b8eb814ebfcb4dea049680f8c1ffb2df399e4d03bf7a352c775e26fa06e02fa0
      url: "https://pub.dev"
    source: hosted
    version: "1.0.2"
  characters:
    dependency: transitive
    description:
      name: characters
      sha256: e6a326c8af69605aec75ed6c187d06b349707a27fbff8222ca9cc2cff167975c
      url: "https://pub.dev"
    source: hosted
    version: "1.2.1"
  charcode:
    dependency: transitive
    description:
      name: charcode
      sha256: fb98c0f6d12c920a02ee2d998da788bca066ca5f148492b7085ee23372b12306
      url: "https://pub.dev"
    source: hosted
    version: "1.3.1"
  checked_yaml:
    dependency: transitive
    description:
      name: checked_yaml
      sha256: dd007e4fb8270916820a0d66e24f619266b60773cddd082c6439341645af2659
      url: "https://pub.dev"
    source: hosted
    version: "2.0.1"
  cli_util:
    dependency: transitive
    description:
      name: cli_util
      sha256: "66f86e916d285c1a93d3b79587d94bd71984a66aac4ff74e524cfa7877f1395c"
      url: "https://pub.dev"
    source: hosted
    version: "0.3.5"
  clock:
    dependency: transitive
    description:
      name: clock
      sha256: cb6d7f03e1de671e34607e909a7213e31d7752be4fb66a86d29fe1eb14bfb5cf
      url: "https://pub.dev"
    source: hosted
    version: "1.1.1"
  cloud_firestore:
    dependency: "direct main"
    description:
      name: cloud_firestore
      sha256: a851106a2169c15614047b75ea10d0346650352c6669ab482306572aa4ed9a7d
      url: "https://pub.dev"
    source: hosted
    version: "4.3.1"
  cloud_firestore_platform_interface:
    dependency: transitive
    description:
      name: cloud_firestore_platform_interface
      sha256: "1fac512fef2bfe84ca7f372defbd9dd8efb108be96854db9023739a5b2aa9977"
      url: "https://pub.dev"
    source: hosted
    version: "5.10.1"
  cloud_firestore_web:
    dependency: transitive
    description:
      name: cloud_firestore_web
      sha256: "3fd9581c1447b6e8db6d0f19d0140b196a70ecf582bd1f71e7141fe9abf10ddb"
      url: "https://pub.dev"
    source: hosted
    version: "3.2.1"
  collection:
    dependency: transitive
    description:
      name: collection
      sha256: cfc915e6923fe5ce6e153b0723c753045de46de1b4d63771530504004a45fae0
      url: "https://pub.dev"
    source: hosted
    version: "1.17.0"
  convert:
    dependency: transitive
    description:
      name: convert
      sha256: "196284f26f69444b7f5c50692b55ec25da86d9e500451dc09333bf2e3ad69259"
      url: "https://pub.dev"
    source: hosted
    version: "3.0.2"
  crypto:
    dependency: transitive
    description:
      name: crypto
      sha256: aa274aa7774f8964e4f4f38cc994db7b6158dd36e9187aaceaddc994b35c6c67
      url: "https://pub.dev"
    source: hosted
    version: "3.0.2"
  csslib:
    dependency: transitive
    description:
      name: csslib
      sha256: b36c7f7e24c0bdf1bf9a3da461c837d1de64b9f8beb190c9011d8c72a3dfd745
      url: "https://pub.dev"
    source: hosted
    version: "0.17.2"
  cupertino_icons:
    dependency: "direct main"
    description:
      name: cupertino_icons
      sha256: e35129dc44c9118cee2a5603506d823bab99c68393879edb440e0090d07586be
      url: "https://pub.dev"
    source: hosted
    version: "1.0.5"
  dart_code_metrics:
    dependency: "direct dev"
    description:
      name: dart_code_metrics
      sha256: "95f22e95638c0dfb0cb4e3ba45e00bb06dd509c98f06d4c0fa45340b0a5392e0"
      url: "https://pub.dev"
    source: hosted
    version: "5.4.0"
  dart_code_metrics_presets:
    dependency: transitive
    description:
      name: dart_code_metrics_presets
      sha256: e19e41149806642574a2d35c3116349cb2270f42ca23c35b1ecc70d3b10188ae
      url: "https://pub.dev"
    source: hosted
    version: "1.0.1"
  dart_style:
    dependency: transitive
    description:
      name: dart_style
      sha256: "7a03456c3490394c8e7665890333e91ae8a49be43542b616e414449ac358acd4"
      url: "https://pub.dev"
    source: hosted
    version: "2.2.4"
  date_time_picker:
    dependency: "direct main"
    description:
      name: date_time_picker
      sha256: "6923c568bcb67a66ab7e083708d0adbcae8214b41bb84d49febc17e89e06fc4a"
      url: "https://pub.dev"
    source: hosted
    version: "2.1.0"
  dbus:
    dependency: transitive
    description:
      name: dbus
      sha256: "905ee98622b37bcc4d0685381cd54cf9a58161c40d5e2a489e498014ac1217c3"
      url: "https://pub.dev"
    source: hosted
    version: "0.7.7"
  dependency_validator:
    dependency: "direct dev"
    description:
      name: dependency_validator
      sha256: "08349175533ed0bd06eb9b6043cde66c45b2bfc7ebc222a7542cdb1324f1bf03"
      url: "https://pub.dev"
    source: hosted
    version: "3.2.2"
  desktop_webview_auth:
    dependency: transitive
    description:
      name: desktop_webview_auth
      sha256: "9de17601e1521b7cc2de1c5538e92f64833da668cba101bf11b2f61ce652becc"
      url: "https://pub.dev"
    source: hosted
    version: "0.0.11"
  device_apps:
    dependency: "direct main"
    description:
      name: device_apps
      sha256: e84dc74d55749993fd671148cc0bd53096e1be0c268fc364285511b1d8a4c19b
      url: "https://pub.dev"
    source: hosted
    version: "2.2.0"
  email_validator:
    dependency: transitive
    description:
      name: email_validator
      sha256: e9a90f27ab2b915a27d7f9c2a7ddda5dd752d6942616ee83529b686fc086221b
      url: "https://pub.dev"
    source: hosted
    version: "2.1.17"
  fake_async:
    dependency: transitive
    description:
      name: fake_async
      sha256: "511392330127add0b769b75a987850d136345d9227c6b94c96a04cf4a391bf78"
      url: "https://pub.dev"
    source: hosted
    version: "1.3.1"
  ffi:
    dependency: transitive
    description:
      name: ffi
      sha256: a38574032c5f1dd06c4aee541789906c12ccaab8ba01446e800d9c5b79c4a978
      url: "https://pub.dev"
    source: hosted
    version: "2.0.1"
  file:
    dependency: transitive
    description:
      name: file
      sha256: b69516f2c26a5bcac4eee2e32512e1a5205ab312b3536c1c1227b2b942b5f9ad
      url: "https://pub.dev"
    source: hosted
    version: "6.1.2"
  file_picker:
    dependency: "direct main"
    description:
      name: file_picker
      sha256: d090ae03df98b0247b82e5928f44d1b959867049d18d73635e2e0bc3f49542b9
      url: "https://pub.dev"
    source: hosted
    version: "5.2.5"
  filesize:
    dependency: "direct main"
    description:
      name: filesize
      sha256: f53df1f27ff60e466eefcd9df239e02d4722d5e2debee92a87dfd99ac66de2af
      url: "https://pub.dev"
    source: hosted
    version: "2.0.1"
  firebase_analytics:
    dependency: "direct main"
    description:
      name: firebase_analytics
      sha256: "2daceef653b9c2f3399a1f977e06cd14b895569e379f08339706f53a84c9cb5e"
      url: "https://pub.dev"
    source: hosted
    version: "10.1.0"
  firebase_analytics_platform_interface:
    dependency: transitive
    description:
      name: firebase_analytics_platform_interface
      sha256: "370fd678c4a1521da84759bf3969796796b4a7837f51db4d7104a1f1c77b12de"
      url: "https://pub.dev"
    source: hosted
    version: "3.3.17"
  firebase_analytics_web:
    dependency: transitive
    description:
      name: firebase_analytics_web
      sha256: "39c68ad46c0d02819a772606bd1392e984f767a2f4ea5203b5bcadc7c56c8a1d"
      url: "https://pub.dev"
    source: hosted
    version: "0.5.1+8"
  firebase_app_check:
    dependency: "direct main"
    description:
      name: firebase_app_check
      sha256: "7f4a22146c2132ee834b78110aa22dd57f954a7a9910701ee5d33b0d9ad22c79"
      url: "https://pub.dev"
    source: hosted
    version: "0.1.1+8"
  firebase_app_check_platform_interface:
    dependency: transitive
    description:
      name: firebase_app_check_platform_interface
      sha256: e5ade23355ec134f0aeabf7eb6f2373aeaad256bdd2d8498ca039cfa7ad64a46
      url: "https://pub.dev"
    source: hosted
    version: "0.0.5+11"
  firebase_app_check_web:
    dependency: transitive
    description:
      name: firebase_app_check_web
      sha256: "9fa0621ed0fb1be29277ea9f15aefd1615d2aa4f6dd6748a1d6381d78d324369"
      url: "https://pub.dev"
    source: hosted
    version: "0.0.7+11"
  firebase_auth:
    dependency: "direct main"
    description:
      name: firebase_auth
      sha256: ac3c7c8022c1032c1dc7d16e62db1d6f1e2fbdc8c1039ee706d8deb45eca3a42
      url: "https://pub.dev"
    source: hosted
    version: "4.2.5"
  firebase_auth_platform_interface:
    dependency: transitive
    description:
      name: firebase_auth_platform_interface
      sha256: "535263a55641e705dba63dc4f412e7c3ad39f9061cbfaf82de640092b53f91f2"
      url: "https://pub.dev"
    source: hosted
    version: "6.11.3"
  firebase_auth_web:
    dependency: transitive
    description:
      name: firebase_auth_web
      sha256: "3fb9fafcd3541005a309c1a696f7df6294893a0c44f010f4ed1b0ded4793c858"
      url: "https://pub.dev"
    source: hosted
    version: "5.2.4"
  firebase_core:
    dependency: "direct main"
    description:
      name: firebase_core
      sha256: c129209ba55f3d4272c89fb4a4994c15bea77fb6de63a82d45fb6bc5c94e4355
      url: "https://pub.dev"
    source: hosted
    version: "2.4.1"
  firebase_core_platform_interface:
    dependency: transitive
    description:
      name: firebase_core_platform_interface
      sha256: "5fab93f5b354648efa62e7cc829c90efb68c8796eecf87e0888cae2d5f3accd4"
      url: "https://pub.dev"
    source: hosted
    version: "4.5.2"
  firebase_core_web:
    dependency: transitive
    description:
      name: firebase_core_web
      sha256: "18b35ce111b0a4266abf723c825bcf9d4e2519d13638cc7f06f2a8dd960c75bc"
      url: "https://pub.dev"
    source: hosted
    version: "2.1.0"
  firebase_crashlytics:
    dependency: "direct main"
    description:
      name: firebase_crashlytics
      sha256: "9c05f1024086568b3fd99c2e7c6382443d5024b612538b20ccfc867be0b5c16a"
      url: "https://pub.dev"
    source: hosted
    version: "3.0.9"
  firebase_crashlytics_platform_interface:
    dependency: transitive
    description:
      name: firebase_crashlytics_platform_interface
      sha256: e62bbdfada6e4d5351d4819a79b59bd9ca0a13719b8326101022d7fa8cdc2d9f
      url: "https://pub.dev"
    source: hosted
    version: "3.3.10"
  firebase_database:
    dependency: "direct main"
    description:
      name: firebase_database
      sha256: d2ee0e52955cfd55ab716a48a71b85b727cde8542c4deb3a9013b2812dd1891e
      url: "https://pub.dev"
    source: hosted
    version: "10.0.9"
  firebase_database_platform_interface:
    dependency: transitive
    description:
      name: firebase_database_platform_interface
      sha256: "1329ade83b77b7b3158f1e9b3d332541ec398481b5d4ad213d94de7a575c07b6"
      url: "https://pub.dev"
    source: hosted
    version: "0.2.2+17"
  firebase_database_web:
    dependency: transitive
    description:
      name: firebase_database_web
      sha256: "8414131490173e20b165ccbc03f2ff141d7b0f2999edb9ea48d8d77249f93e9f"
      url: "https://pub.dev"
    source: hosted
    version: "0.2.1+19"
  firebase_dynamic_links:
    dependency: transitive
    description:
      name: firebase_dynamic_links
      sha256: "00a80947fce912f44d30c4fda0a271df3f3fbb7caca4fe15e6ae9ad3f0e5b87f"
      url: "https://pub.dev"
    source: hosted
    version: "5.0.11"
  firebase_dynamic_links_platform_interface:
    dependency: transitive
    description:
      name: firebase_dynamic_links_platform_interface
      sha256: "20e3c50e1272d380bfcaa459e01683d18977673716d165f399065604b5ffd458"
      url: "https://pub.dev"
    source: hosted
    version: "0.2.3+26"
  firebase_image:
    dependency: "direct main"
    description:
      path: "."
      ref: "flutter_3.0_fix"
      resolved-ref: eb265a5795af252edaa08b8a6276e34477b5f0a4
      url: "https://github.com/imsamgarg/firebase_image.git"
    source: git
    version: "1.1.1"
  firebase_performance:
    dependency: "direct main"
    description:
      name: firebase_performance
      sha256: e00102509bff080d004e7e82fc15b97d8369be64fe4ea0224d133acc38998d1f
      url: "https://pub.dev"
    source: hosted
    version: "0.9.0+9"
  firebase_performance_platform_interface:
    dependency: transitive
    description:
      name: firebase_performance_platform_interface
      sha256: b6e716ba5acd3608d7bfacd9137de32602c3d0dd30c94a6ef26bd08d226318b8
      url: "https://pub.dev"
    source: hosted
    version: "0.1.1+29"
  firebase_performance_web:
    dependency: transitive
    description:
      name: firebase_performance_web
      sha256: a1c9285d8cdcb6fe751e4bc5d5903479438f7d8ebd6979d6d0078a7a89daf21a
      url: "https://pub.dev"
    source: hosted
    version: "0.1.1+18"
  firebase_storage:
    dependency: "direct main"
    description:
      name: firebase_storage
      sha256: "1801785c8bce9b0b262f5daf36e1a48907620147b8065a25e3ad7ae2e890fc11"
      url: "https://pub.dev"
    source: hosted
    version: "11.0.10"
  firebase_storage_platform_interface:
    dependency: transitive
    description:
      name: firebase_storage_platform_interface
      sha256: "3abc5b687731b7e221ea2b867ddc40ed2f6bdb510dcc3d6cd5d73b25ad750485"
      url: "https://pub.dev"
    source: hosted
    version: "4.1.26"
  firebase_storage_web:
    dependency: transitive
    description:
      name: firebase_storage_web
      sha256: "6ac00cd227fb863fcf3ab67991cbaafcd0993da88f63be552e4e636bb0928a3c"
      url: "https://pub.dev"
    source: hosted
    version: "3.3.19"
  firebase_ui_auth:
    dependency: "direct main"
    description:
      name: firebase_ui_auth
      sha256: dd68f39e1ca8a9ed6d63f014e42dc396fa4da8b85f922b60cd63d4efcc95e5be
      url: "https://pub.dev"
    source: hosted
    version: "1.1.7"
  firebase_ui_database:
    dependency: "direct main"
    description:
      name: firebase_ui_database
      sha256: edc43e99b00b2767b7bc468ffb3d9d111d9ae5da8f13e68c7555053b261097e4
      url: "https://pub.dev"
    source: hosted
    version: "1.0.11"
  firebase_ui_localizations:
    dependency: transitive
    description:
      name: firebase_ui_localizations
      sha256: "472c680ab02ea4c035b069dba398c27ba6dfe130e7128829e43244e9b2533e55"
      url: "https://pub.dev"
    source: hosted
    version: "1.1.0"
  firebase_ui_oauth:
    dependency: transitive
    description:
      name: firebase_ui_oauth
      sha256: "5e53b4224747c54d32cf2bfdc90e12a35b8d60210bd331455beff408e8c6849e"
      url: "https://pub.dev"
    source: hosted
    version: "1.1.7"
  firebase_ui_oauth_google:
    dependency: "direct main"
    description:
      name: firebase_ui_oauth_google
      sha256: "884a16d006f9e77944c00af1dd81197fb43b1f018efdbe3719b4880a6fa33aec"
      url: "https://pub.dev"
    source: hosted
    version: "1.0.14"
  flutter:
    dependency: "direct main"
    description: flutter
    source: sdk
    version: "0.0.0"
  flutter_blurhash:
    dependency: transitive
    description:
      name: flutter_blurhash
      sha256: "05001537bd3fac7644fa6558b09ec8c0a3f2eba78c0765f88912882b1331a5c6"
      url: "https://pub.dev"
    source: hosted
    version: "0.7.0"
  flutter_cache_manager:
    dependency: transitive
    description:
      name: flutter_cache_manager
      sha256: "32cd900555219333326a2d0653aaaf8671264c29befa65bbd9856d204a4c9fb3"
      url: "https://pub.dev"
    source: hosted
    version: "3.3.0"
  flutter_countdown_timer:
    dependency: "direct main"
    description:
      name: flutter_countdown_timer
      sha256: dfcbd7d6f76a5589f78f3f3ba2f9ea2e199368eccc1adce4153ce985b9587bc5
      url: "https://pub.dev"
    source: hosted
    version: "4.1.0"
  flutter_file_dialog:
    dependency: "direct main"
    description:
      name: flutter_file_dialog
      sha256: fb19d8b7c811a70947344695001e82777921fdc0ed5c80289440f096ae22b10f
      url: "https://pub.dev"
    source: hosted
    version: "2.3.2"
  flutter_inappwebview:
    dependency: "direct main"
    description:
      name: flutter_inappwebview
      sha256: f73505c792cf083d5566e1a94002311be497d984b5607f25be36d685cf6361cf
      url: "https://pub.dev"
    source: hosted
    version: "5.7.2+3"
  flutter_launcher_icons:
    dependency: "direct dev"
    description:
      name: flutter_launcher_icons
      sha256: ce0e501cfc258907842238e4ca605e74b7fd1cdf04b3b43e86c43f3e40a1592c
      url: "https://pub.dev"
    source: hosted
    version: "0.11.0"
  flutter_lints:
    dependency: "direct dev"
    description:
      name: flutter_lints
      sha256: aeb0b80a8b3709709c9cc496cdc027c5b3216796bc0af0ce1007eaf24464fd4c
      url: "https://pub.dev"
    source: hosted
    version: "2.0.1"
  flutter_local_notifications:
    dependency: "direct main"
    description:
      name: flutter_local_notifications
      sha256: "9bed62e78b150b4f26bc100797caeb59b3680b6c177050a0da3316b382002939"
      url: "https://pub.dev"
    source: hosted
    version: "9.7.0"
  flutter_local_notifications_linux:
    dependency: transitive
    description:
      name: flutter_local_notifications_linux
      sha256: "30cbdbf3fa57e72a64c00e0420a3bd5354a7087d9d3adf9f3b156b7b065ce80c"
      url: "https://pub.dev"
    source: hosted
    version: "0.5.0+1"
  flutter_local_notifications_platform_interface:
    dependency: transitive
    description:
      name: flutter_local_notifications_platform_interface
      sha256: "21bceee103a66a53b30ea9daf677f990e5b9e89b62f222e60dd241cd08d63d3a"
      url: "https://pub.dev"
    source: hosted
    version: "5.0.0"
  flutter_localizations:
    dependency: transitive
    description: flutter
    source: sdk
    version: "0.0.0"
  flutter_markdown:
    dependency: transitive
    description:
      name: flutter_markdown
      sha256: "7c4e42e66fb24bc912b64860c69806ef5cc0ad1480772aa2201ede568125a379"
      url: "https://pub.dev"
    source: hosted
    version: "0.6.9+1"
  flutter_native_splash:
    dependency: "direct dev"
    description:
      name: flutter_native_splash
      sha256: "6777a3abb974021a39b5fdd2d46a03ca390e03903b6351f21d10e7ecc969f12d"
      url: "https://pub.dev"
    source: hosted
    version: "2.2.16"
  flutter_plugin_android_lifecycle:
    dependency: transitive
    description:
      name: flutter_plugin_android_lifecycle
      sha256: "60fc7b78455b94e6de2333d2f95196d32cf5c22f4b0b0520a628804cb463503b"
      url: "https://pub.dev"
    source: hosted
    version: "2.0.7"
  flutter_rating_bar:
    dependency: "direct main"
    description:
      name: flutter_rating_bar
      sha256: d2af03469eac832c591a1eba47c91ecc871fe5708e69967073c043b2d775ed93
      url: "https://pub.dev"
    source: hosted
    version: "4.0.1"
  flutter_signin_button:
    dependency: "direct main"
    description:
      name: flutter_signin_button
      sha256: a063ecc5d5308377e103c9c3a89084abf15fca4440636233af6a13abacd5dcae
      url: "https://pub.dev"
    source: hosted
    version: "2.0.0"
  flutter_svg:
    dependency: "direct main"
    description:
      name: flutter_svg
      sha256: "6ff9fa12892ae074092de2fa6a9938fb21dbabfdaa2ff57dc697ff912fc8d4b2"
      url: "https://pub.dev"
    source: hosted
    version: "1.1.6"
  flutter_test:
    dependency: "direct dev"
    description: flutter
    source: sdk
    version: "0.0.0"
  flutter_web_plugins:
    dependency: transitive
    description: flutter
    source: sdk
    version: "0.0.0"
  font_awesome_flutter:
    dependency: transitive
    description:
      name: font_awesome_flutter
      sha256: "1f93e5799f0e6c882819e8393a05c6ca5226010f289190f2242ec19f3f0fdba5"
      url: "https://pub.dev"
    source: hosted
    version: "9.2.0"
  get:
    dependency: "direct main"
    description:
      name: get
      sha256: "2ba20a47c8f1f233bed775ba2dd0d3ac97b4cf32fc17731b3dfc672b06b0e92a"
      url: "https://pub.dev"
    source: hosted
    version: "4.6.5"
  glob:
    dependency: transitive
    description:
      name: glob
      sha256: c51b4fdfee4d281f49b8c957f1add91b815473597f76bcf07377987f66a55729
      url: "https://pub.dev"
    source: hosted
    version: "2.1.0"
  google_sign_in:
    dependency: "direct main"
    description:
      name: google_sign_in
      sha256: dfb5bd5aaed6b910dddfc4a5db20214d691d578b9187cc8083cf6aed9ba57f82
      url: "https://pub.dev"
    source: hosted
    version: "5.4.3"
  google_sign_in_android:
    dependency: transitive
    description:
      name: google_sign_in_android
      sha256: "25449f21c7c8c28520576cab82e58fbb33b11055ebf69189cf255e2611cac6da"
      url: "https://pub.dev"
    source: hosted
    version: "6.1.1"
  google_sign_in_ios:
    dependency: transitive
    description:
      name: google_sign_in_ios
      sha256: "673c0b07eb512ea7097df316a4706e6fe9ccef7c7c258761005e8aa420fe955f"
      url: "https://pub.dev"
    source: hosted
    version: "5.5.0"
  google_sign_in_platform_interface:
    dependency: transitive
    description:
      name: google_sign_in_platform_interface
      sha256: "252d0fadcd1e7939f1e00602eca1020b585d448aaa4b87c33137ca8717cd9e87"
      url: "https://pub.dev"
    source: hosted
    version: "2.2.0"
  google_sign_in_web:
    dependency: transitive
    description:
      name: google_sign_in_web
      sha256: "5b35c221169a7b3e0fc15043ac09102ef542300ef92f2e1f05d5d8efde263af5"
      url: "https://pub.dev"
    source: hosted
    version: "0.10.2"
  html:
    dependency: transitive
    description:
      name: html
      sha256: d9793e10dbe0e6c364f4c59bf3e01fb33a9b2a674bc7a1081693dba0614b6269
      url: "https://pub.dev"
    source: hosted
    version: "0.15.1"
  http:
    dependency: transitive
    description:
      name: http
      sha256: "2ed163531e071c2c6b7c659635112f24cb64ecbebf6af46b550d536c0b1aa112"
      url: "https://pub.dev"
    source: hosted
    version: "0.13.4"
  http_parser:
    dependency: transitive
    description:
      name: http_parser
      sha256: db3060f22889f3d9d55f6a217565486737037eec3609f7f3eca4d0c67ee0d8a0
      url: "https://pub.dev"
    source: hosted
    version: "4.0.1"
  image:
    dependency: transitive
    description:
      name: image
      sha256: f6ffe2895e3c86c6ad5a27e6302cf807403463e397cb2f0c580f619ac2fa588b
      url: "https://pub.dev"
    source: hosted
    version: "3.2.2"
  intl:
    dependency: "direct main"
    description:
      name: intl
      sha256: "910f85bce16fb5c6f614e117efa303e85a1731bb0081edf3604a2ae6e9a3cc91"
      url: "https://pub.dev"
    source: hosted
    version: "0.17.0"
  io:
    dependency: transitive
    description:
      name: io
      sha256: "0d4c73c3653ab85bf696d51a9657604c900a370549196a91f33e4c39af760852"
      url: "https://pub.dev"
    source: hosted
    version: "1.0.3"
  js:
    dependency: transitive
    description:
      name: js
      sha256: "5528c2f391ededb7775ec1daa69e65a2d61276f7552de2b5f7b8d34ee9fd4ab7"
      url: "https://pub.dev"
    source: hosted
    version: "0.6.5"
  json_annotation:
    dependency: transitive
    description:
      name: json_annotation
      sha256: cb314f00b2488de7bc575207e54402cd2f92363f333a7933fd1b0631af226baa
      url: "https://pub.dev"
    source: hosted
    version: "4.6.0"
  lints:
    dependency: transitive
    description:
      name: lints
      sha256: "5cfd6509652ff5e7fe149b6df4859e687fca9048437857cb2e65c8d780f396e3"
      url: "https://pub.dev"
    source: hosted
    version: "2.0.0"
  logging:
    dependency: transitive
    description:
      name: logging
      sha256: "293ae2d49fd79d4c04944c3a26dfd313382d5f52e821ec57119230ae16031ad4"
      url: "https://pub.dev"
    source: hosted
    version: "1.0.2"
  markdown:
    dependency: transitive
    description:
      name: markdown
      sha256: "01512006c8429f604eb10f9848717baeaedf99e991d14a50d540d9beff08e5c6"
      url: "https://pub.dev"
    source: hosted
    version: "4.0.1"
  matcher:
    dependency: transitive
    description:
      name: matcher
      sha256: "16db949ceee371e9b99d22f88fa3a73c4e59fd0afed0bd25fc336eb76c198b72"
      url: "https://pub.dev"
    source: hosted
    version: "0.12.13"
  material_color_utilities:
    dependency: transitive
    description:
      name: material_color_utilities
      sha256: d92141dc6fe1dad30722f9aa826c7fbc896d021d792f80678280601aff8cf724
      url: "https://pub.dev"
    source: hosted
    version: "0.2.0"
  material_design_icons_flutter:
    dependency: "direct main"
    description:
      name: material_design_icons_flutter
      sha256: "8ef8562d16e747b2d93e5da5c2508931588939c5c00ebc8e2768e803db7dfd3c"
      url: "https://pub.dev"
    source: hosted
    version: "6.0.7096"
  meta:
    dependency: transitive
    description:
      name: meta
      sha256: "6c268b42ed578a53088d834796959e4a1814b5e9e164f147f580a386e5decf42"
      url: "https://pub.dev"
    source: hosted
    version: "1.8.0"
  octo_image:
    dependency: "direct main"
    description:
      name: octo_image
      sha256: "107f3ed1330006a3bea63615e81cf637433f5135a52466c7caa0e7152bca9143"
      url: "https://pub.dev"
    source: hosted
    version: "1.0.2"
  package_config:
    dependency: transitive
    description:
      name: package_config
      sha256: "1c5b77ccc91e4823a5af61ee74e6b972db1ef98c2ff5a18d3161c982a55448bd"
      url: "https://pub.dev"
    source: hosted
    version: "2.1.0"
  package_info_plus:
    dependency: "direct main"
    description:
      name: package_info_plus
      sha256: f619162573096d428ccde2e33f92e05b5a179cd6f0e3120c1005f181bee8ed16
      url: "https://pub.dev"
    source: hosted
    version: "3.0.2"
  package_info_plus_platform_interface:
    dependency: transitive
    description:
      name: package_info_plus_platform_interface
      sha256: "9bc8ba46813a4cc42c66ab781470711781940780fd8beddd0c3da62506d3a6c6"
      url: "https://pub.dev"
    source: hosted
    version: "2.0.1"
  path:
    dependency: transitive
    description:
      name: path
      sha256: db9d4f58c908a4ba5953fcee2ae317c94889433e5024c27ce74a37f94267945b
      url: "https://pub.dev"
    source: hosted
    version: "1.8.2"
  path_drawing:
    dependency: transitive
    description:
      name: path_drawing
      sha256: bbb1934c0cbb03091af082a6389ca2080345291ef07a5fa6d6e078ba8682f977
      url: "https://pub.dev"
    source: hosted
    version: "1.0.1"
  path_parsing:
    dependency: transitive
    description:
      name: path_parsing
      sha256: e3e67b1629e6f7e8100b367d3db6ba6af4b1f0bb80f64db18ef1fbabd2fa9ccf
      url: "https://pub.dev"
    source: hosted
    version: "1.0.1"
  path_provider:
    dependency: "direct main"
    description:
      name: path_provider
      sha256: "050e8e85e4b7fecdf2bb3682c1c64c4887a183720c802d323de8a5fd76d372dd"
      url: "https://pub.dev"
    source: hosted
    version: "2.0.11"
  path_provider_android:
    dependency: transitive
    description:
      name: path_provider_android
      sha256: "833c8bcb182b515cd872c113e29aaaffd29a1c720259dd2f65ab35ed5e0db748"
      url: "https://pub.dev"
    source: hosted
    version: "2.0.17"
  path_provider_ios:
    dependency: transitive
    description:
      name: path_provider_ios
      sha256: "03d639406f5343478352433f00d3c4394d52dac8df3d847869c5e2333e0bbce8"
      url: "https://pub.dev"
    source: hosted
    version: "2.0.11"
  path_provider_linux:
    dependency: transitive
    description:
      name: path_provider_linux
      sha256: ab0987bf95bc591da42dffb38c77398fc43309f0b9b894dcc5d6f40c4b26c379
      url: "https://pub.dev"
    source: hosted
    version: "2.1.7"
  path_provider_macos:
    dependency: transitive
    description:
      name: path_provider_macos
      sha256: "2a97e7fbb7ae9dcd0dfc1220a78e9ec3e71da691912e617e8715ff2a13086ae8"
      url: "https://pub.dev"
    source: hosted
    version: "2.0.6"
  path_provider_platform_interface:
    dependency: transitive
    description:
      name: path_provider_platform_interface
      sha256: "27dc7a224fcd07444cb5e0e60423ccacea3e13cf00fc5282ac2c918132da931d"
      url: "https://pub.dev"
    source: hosted
    version: "2.0.4"
  path_provider_windows:
    dependency: transitive
    description:
      name: path_provider_windows
      sha256: bcabbe399d4042b8ee687e17548d5d3f527255253b4a639f5f8d2094a9c2b45c
      url: "https://pub.dev"
    source: hosted
    version: "2.1.3"
  pedantic:
    dependency: transitive
    description:
      name: pedantic
      sha256: "67fc27ed9639506c856c840ccce7594d0bdcd91bc8d53d6e52359449a1d50602"
      url: "https://pub.dev"
    source: hosted
    version: "1.11.1"
  petitparser:
    dependency: transitive
    description:
      name: petitparser
      sha256: "2ebb289dc4764ec397f5cd3ca9881c6d17196130a7d646ed022a0dd9c2e25a71"
      url: "https://pub.dev"
    source: hosted
    version: "5.0.0"
  platform:
    dependency: transitive
    description:
      name: platform
      sha256: "4a451831508d7d6ca779f7ac6e212b4023dd5a7d08a27a63da33756410e32b76"
      url: "https://pub.dev"
    source: hosted
    version: "3.1.0"
  plugin_platform_interface:
    dependency: transitive
    description:
      name: plugin_platform_interface
      sha256: dbf0f707c78beedc9200146ad3cb0ab4d5da13c246336987be6940f026500d3a
      url: "https://pub.dev"
    source: hosted
    version: "2.1.3"
  process:
    dependency: transitive
    description:
      name: process
      sha256: "53fd8db9cec1d37b0574e12f07520d582019cb6c44abf5479a01505099a34a09"
      url: "https://pub.dev"
    source: hosted
    version: "4.2.4"
  pub_semver:
    dependency: transitive
    description:
      name: pub_semver
      sha256: "816c1a640e952d213ddd223b3e7aafae08cd9f8e1f6864eed304cc13b0272b07"
      url: "https://pub.dev"
    source: hosted
    version: "2.1.1"
  pub_updater:
    dependency: transitive
    description:
      name: pub_updater
      sha256: "05f8e129c6f58878cf2995ca206378e1c15f668483e4ab75de028157cf02d049"
      url: "https://pub.dev"
    source: hosted
    version: "0.2.2"
  pubspec_parse:
    dependency: transitive
    description:
      name: pubspec_parse
      sha256: "3686efe4a4613a4449b1a4ae08670aadbd3376f2e78d93e3f8f0919db02a7256"
      url: "https://pub.dev"
    source: hosted
    version: "1.2.0"
  quiver:
    dependency: transitive
    description:
      name: quiver
      sha256: "93982981971e812c94d4a6fa3a57b89f9ec12b38b6380cd3c1370c3b01e4580e"
      url: "https://pub.dev"
    source: hosted
    version: "3.1.0"
  rxdart:
    dependency: transitive
    description:
      name: rxdart
      sha256: "5d22055fd443806c03ef24a02000637cf51eae49c2a0168d38a43fc166b0209c"
      url: "https://pub.dev"
    source: hosted
    version: "0.27.5"
  settings_ui:
    dependency: "direct main"
    description:
      name: settings_ui
      sha256: d9838037cb554b24b4218b2d07666fbada3478882edefae375ee892b6c820ef3
      url: "https://pub.dev"
    source: hosted
    version: "2.0.2"
  shared_preferences:
    dependency: "direct main"
    description:
      name: shared_preferences
      sha256: "76917b7d4b9526b2ba416808a7eb9fb2863c1a09cf63ec85f1453da240fa818a"
      url: "https://pub.dev"
    source: hosted
    version: "2.0.17"
  shared_preferences_android:
    dependency: transitive
    description:
      name: shared_preferences_android
      sha256: "853801ce6ba7429ec4e923e37317f32a57c903de50b8c33ffcfbdb7e6f0dd39c"
      url: "https://pub.dev"
    source: hosted
    version: "2.0.12"
  shared_preferences_foundation:
    dependency: transitive
    description:
      name: shared_preferences_foundation
      url: "https://pub.dartlang.org"
    source: hosted
    version: "2.1.2"
  shared_preferences_linux:
    dependency: transitive
    description:
      name: shared_preferences_linux
      sha256: "28aefc1261746e7bad3d09799496054beb84e8c4ffcdfed7734e17b4ada459a5"
      url: "https://pub.dev"
    source: hosted
    version: "2.1.1"
  shared_preferences_platform_interface:
    dependency: transitive
    description:
      name: shared_preferences_platform_interface
      sha256: "992f0fdc46d0a3c0ac2e5859f2de0e577bbe51f78a77ee8f357cbe626a2ad32d"
      url: "https://pub.dev"
    source: hosted
    version: "2.0.0"
  shared_preferences_web:
    dependency: transitive
    description:
      name: shared_preferences_web
      sha256: a4b5bc37fe1b368bbc81f953197d55e12f49d0296e7e412dfe2d2d77d6929958
      url: "https://pub.dev"
    source: hosted
    version: "2.0.4"
  shared_preferences_windows:
    dependency: transitive
    description:
      name: shared_preferences_windows
      sha256: "97f7ab9a7da96d9cf19581f5de520ceb529548498bd6b5e0ccd02d68a0d15eba"
      url: "https://pub.dev"
    source: hosted
    version: "2.1.1"
  simple_mustache:
    dependency: transitive
    description:
      name: simple_mustache
      sha256: f9e9211586ba32dd6be9967c408c275b8c3493734836c8a0057c9f509a448fce
      url: "https://pub.dev"
    source: hosted
    version: "2.1.0"
  sky_engine:
    dependency: transitive
    description: flutter
    source: sdk
    version: "0.0.99"
  source_span:
    dependency: transitive
    description:
      name: source_span
      sha256: dd904f795d4b4f3b870833847c461801f6750a9fa8e61ea5ac53f9422b31f250
      url: "https://pub.dev"
    source: hosted
    version: "1.9.1"
  sqflite:
    dependency: transitive
    description:
      name: sqflite
      sha256: "871add98426a67a41bf4768d3130f2b67fd551e21f34196f96ccedee8dd1dc23"
      url: "https://pub.dev"
    source: hosted
    version: "2.0.3"
  sqflite_common:
    dependency: transitive
    description:
      name: sqflite_common
      sha256: b504fc5b4576a05586a0bb99d9bcc0d37a78d9d5ed68b96c361d5d3a8e538275
      url: "https://pub.dev"
    source: hosted
    version: "2.2.1+1"
  stack_trace:
    dependency: transitive
    description:
      name: stack_trace
      sha256: c3c7d8edb15bee7f0f74debd4b9c5f3c2ea86766fe4178eb2a18eb30a0bdaed5
      url: "https://pub.dev"
    source: hosted
    version: "1.11.0"
  store_redirect:
    dependency: "direct main"
    description:
      name: store_redirect
      sha256: "0f00455cc7e3ea896daac5db45fca3a09560eb7ba53a79533df3b80506047286"
      url: "https://pub.dev"
    source: hosted
    version: "2.0.1"
  stream_channel:
    dependency: transitive
    description:
      name: stream_channel
      sha256: "83615bee9045c1d322bbbd1ba209b7a749c2cbcdcb3fdd1df8eb488b3279c1c8"
      url: "https://pub.dev"
    source: hosted
    version: "2.1.1"
  string_scanner:
    dependency: transitive
    description:
      name: string_scanner
      sha256: "556692adab6cfa87322a115640c11f13cb77b3f076ddcc5d6ae3c20242bedcde"
      url: "https://pub.dev"
    source: hosted
    version: "1.2.0"
  synchronized:
    dependency: transitive
    description:
      name: synchronized
      sha256: a7f0790927c0806ae0d5eb061c713748fa6070ef0037e391a2d53c3844c09dc2
      url: "https://pub.dev"
    source: hosted
    version: "3.0.0+2"
  term_glyph:
    dependency: transitive
    description:
      name: term_glyph
      sha256: a29248a84fbb7c79282b40b8c72a1209db169a2e0542bce341da992fe1bc7e84
      url: "https://pub.dev"
    source: hosted
    version: "1.2.1"
  test_api:
    dependency: transitive
    description:
      name: test_api
      sha256: ad540f65f92caa91bf21dfc8ffb8c589d6e4dc0c2267818b4cc2792857706206
      url: "https://pub.dev"
    source: hosted
    version: "0.4.16"
  timezone:
    dependency: "direct main"
    description:
      name: timezone
      sha256: "57b35f6e8ef731f18529695bffc62f92c6189fac2e52c12d478dec1931afb66e"
      url: "https://pub.dev"
    source: hosted
    version: "0.8.0"
  typed_data:
    dependency: transitive
    description:
      name: typed_data
      sha256: "26f87ade979c47a150c9eaab93ccd2bebe70a27dc0b4b29517f2904f04eb11a5"
      url: "https://pub.dev"
    source: hosted
    version: "1.3.1"
  universal_io:
    dependency: transitive
    description:
      name: universal_io
      sha256: "79f78ddad839ee3aae3ec7c01eb4575faf0d5c860f8e5223bc9f9c17f7f03cef"
      url: "https://pub.dev"
    source: hosted
    version: "2.0.4"
  url_launcher:
    dependency: "direct main"
    description:
      name: url_launcher
      sha256: "3c92b0efb5e9dcb8f846aefabf9f0f739f91682ed486b991ceda51c288e60896"
      url: "https://pub.dev"
    source: hosted
    version: "6.1.7"
  url_launcher_android:
    dependency: transitive
    description:
      name: url_launcher_android
      sha256: "1ccd353c1bff66b49863527c02759f4d06b92744bd9777c96a00ca6a9e8e1d2f"
      url: "https://pub.dev"
    source: hosted
    version: "6.0.17"
  url_launcher_ios:
    dependency: transitive
    description:
      name: url_launcher_ios
      sha256: "6ba7dddee26c9fae27c9203c424631109d73c8fa26cfa7bc3e35e751cb87f62e"
      url: "https://pub.dev"
    source: hosted
    version: "6.0.17"
  url_launcher_linux:
    dependency: transitive
    description:
      name: url_launcher_linux
      sha256: "360fa359ab06bcb4f7c5cd3123a2a9a4d3364d4575d27c4b33468bd4497dd094"
      url: "https://pub.dev"
    source: hosted
    version: "3.0.1"
  url_launcher_macos:
    dependency: transitive
    description:
      name: url_launcher_macos
      sha256: a9b3ea9043eabfaadfa3fb89de67a11210d85569086d22b3854484beab8b3978
      url: "https://pub.dev"
    source: hosted
    version: "3.0.1"
  url_launcher_platform_interface:
    dependency: transitive
    description:
      name: url_launcher_platform_interface
      sha256: "80b860b31a11ebbcbe51b8fe887efc204f3af91522f3b51bcda4622d276d2120"
      url: "https://pub.dev"
    source: hosted
    version: "2.1.0"
  url_launcher_web:
    dependency: transitive
    description:
      name: url_launcher_web
      sha256: "15fd9dbb306d5efce57dcf62dcb1ae045fbf74079ab4464a950e099bf5800deb"
      url: "https://pub.dev"
    source: hosted
    version: "2.0.12"
  url_launcher_windows:
    dependency: transitive
    description:
      name: url_launcher_windows
      sha256: e3c3b16d3104260c10eea3b0e34272aaa57921f83148b0619f74c2eced9b7ef1
      url: "https://pub.dev"
    source: hosted
    version: "3.0.1"
  uuid:
    dependency: transitive
    description:
      name: uuid
      sha256: "2469694ad079893e3b434a627970c33f2fa5adc46dfe03c9617546969a9a8afc"
      url: "https://pub.dev"
    source: hosted
    version: "3.0.6"
  vector_math:
    dependency: transitive
    description:
      name: vector_math
      sha256: "80b3257d1492ce4d091729e3a67a60407d227c27241d6927be0130c98e741803"
      url: "https://pub.dev"
    source: hosted
    version: "2.1.4"
  watcher:
    dependency: transitive
    description:
      name: watcher
      sha256: e42dfcc48f67618344da967b10f62de57e04bae01d9d3af4c2596f3712a88c99
      url: "https://pub.dev"
    source: hosted
    version: "1.0.1"
  win32:
    dependency: transitive
    description:
      name: win32
      sha256: d13ac5deea7327f027b3b97ee19ee210f68256ecf3f1a304bcfb992ee947637c
      url: "https://pub.dev"
    source: hosted
    version: "3.1.1"
  xdg_directories:
    dependency: transitive
    description:
      name: xdg_directories
      sha256: "060b6e1c891d956f72b5ac9463466c37cce3fa962a921532fc001e86fe93438e"
      url: "https://pub.dev"
    source: hosted
    version: "0.2.0+1"
  xml:
    dependency: transitive
    description:
      name: xml
      sha256: ac0e3f4bf00ba2708c33fbabbbe766300e509f8c82dbd4ab6525039813f7e2fb
      url: "https://pub.dev"
    source: hosted
    version: "6.1.0"
  yaml:
    dependency: transitive
    description:
      name: yaml
      sha256: "23812a9b125b48d4007117254bca50abb6c712352927eece9e155207b1db2370"
      url: "https://pub.dev"
    source: hosted
    version: "3.1.1"
sdks:
  dart: ">=2.18.0 <3.0.0"
  flutter: ">=3.3.0"
